<?xml version="1.0" encoding="UTF-8"?>
<CONFIG>
  <ProjectOptions>
    <Version Value="12"/>
    <General>
      <SessionStorage Value="InProjectDir"/>
      <Title Value="project1"/>
      <Scaled Value="True"/>
      <ResourceType Value="res"/>
      <UseXPManifest Value="True"/>
      <Icon Value="0"/>
    </General>
    <MacroValues Count="1">
      <Macro2 Name="LCLWidgetType" Value="gtk2"/>
    </MacroValues>
    <BuildModes>
      <Item Name="Default" Default="True"/>
      <Item Name="Final">
        <CompilerOptions>
          <Version Value="11"/>
          <Target>
            <Filename Value="ecsas"/>
          </Target>
          <SearchPaths>
            <IncludeFiles Value="include;$(ProjOutDir)"/>
            <OtherUnitFiles Value=".;frames;portaudio;xxhash"/>
            <UnitOutputDirectory Value="lib/$(TargetCPU)-$(TargetOS)"/>
          </SearchPaths>
          <Parsing>
            <SyntaxOptions>
              <CStyleOperator Value="False"/>
              <AllowLabel Value="False"/>
            </SyntaxOptions>
          </Parsing>
          <CodeGeneration>
            <SmartLinkUnit Value="True"/>
            <TargetCPU Value="x86_64"/>
            <TargetOS Value="linux"/>
            <Optimizations>
              <OptimizationLevel Value="3"/>
              <VariablesInRegisters Value="True"/>
              <UncertainOptimizations Value="True"/>
            </Optimizations>
          </CodeGeneration>
          <Linking>
            <Debugging>
              <GenerateDebugInfo Value="False"/>
              <DebugInfoType Value="dsStabs"/>
              <StripSymbols Value="True"/>
            </Debugging>
            <LinkSmart Value="True"/>
          </Linking>
          <Other>
            <Verbosity>
              <ShowNotes Value="False"/>
              <ShowHints Value="False"/>
            </Verbosity>
            <CustomOptions Value="-godwarfsets"/>
          </Other>
        </CompilerOptions>
      </Item>
      <SharedMatrixOptions Count="4">
        <Item1 ID="775240689950" Type="IDEMacro" MacroName="LCLWidgetType" Value="qt"/>
        <Item2 ID="083542331135" Modes="Default" Type="IDEMacro" MacroName="LCLWidgetType" Value="gtk2"/>
        <Item3 ID="605968800907" Modes="Default" Value="-dEnableUTF8RTL"/>
        <Item4 ID="236377512695" Type="IDEMacro" MacroName="LCLWidgetType" Value="qt5"/>
      </SharedMatrixOptions>
    </BuildModes>
    <PublishOptions>
      <Version Value="2"/>
      <UseFileFilters Value="True"/>
    </PublishOptions>
    <RunParams>
      <FormatVersion Value="2"/>
    </RunParams>
    <RequiredPackages>
      <Item>
        <PackageName Value="eccontrols"/>
      </Item>
      <Item>
        <PackageName Value="LCL"/>
      </Item>
    </RequiredPackages>
    <Units>
      <Unit>
        <Filename Value="project1.lpr"/>
        <IsPartOfProject Value="True"/>
      </Unit>
      <Unit>
        <Filename Value="unit1.pas"/>
        <IsPartOfProject Value="True"/>
        <ComponentName Value="Form1"/>
        <HasResources Value="True"/>
        <ResourceBaseClass Value="Form"/>
        <UnitName Value="Unit1"/>
      </Unit>
    </Units>
  </ProjectOptions>
  <CompilerOptions>
    <Version Value="11"/>
    <SearchPaths>
      <IncludeFiles Value="$(ProjOutDir)"/>
      <UnitOutputDirectory Value="lib/$(TargetCPU)-$(TargetOS)"/>
    </SearchPaths>
    <Parsing>
      <SyntaxOptions>
        <CStyleOperator Value="False"/>
        <AllowLabel Value="False"/>
      </SyntaxOptions>
    </Parsing>
    <CodeGeneration>
      <Checks>
        <IOChecks Value="True"/>
        <RangeChecks Value="True"/>
        <OverflowChecks Value="True"/>
      </Checks>
      <VerifyObjMethodCallValidity Value="True"/>
      <Optimizations>
        <OptimizationLevel Value="0"/>
      </Optimizations>
    </CodeGeneration>
    <Linking>
      <Debugging>
        <DebugInfoType Value="dsDwarf2"/>
        <UseHeaptrc Value="True"/>
        <TrashVariables Value="True"/>
      </Debugging>
    </Linking>
    <Other>
      <Verbosity>
        <ShowNotes Value="False"/>
      </Verbosity>
      <CustomOptions Value="-godwarfsets
-dDBGGRID
-dDEBUG
-dDBGAPP
-dDBGCALC
-dDBGCORE
-dDBGPRJ"/>
    </Other>
  </CompilerOptions>
  <Debugging>
    <Exceptions>
      <Item>
        <Name Value="EAbort"/>
      </Item>
      <Item>
        <Name Value="ECodetoolError"/>
      </Item>
      <Item>
        <Name Value="EFOpenError"/>
      </Item>
    </Exceptions>
  </Debugging>
</CONFIG>
